// !$*UTF8*$!
{
	archiveVersion = 1;
	classes = {
	};
	objectVersion = 48;
	objects = {

/* Begin PBXBuildFile section */
		3394FFEC1FA9241E008D0119 /* DataService.swift in Sources */ = {isa = PBXBuildFile; fileRef = 3394FFEB1FA9241E008D0119 /* DataService.swift */; };
		33C337DB1F96BFD3001AAEF3 /* AppDelegate.swift in Sources */ = {isa = PBXBuildFile; fileRef = 33C337DA1F96BFD3001AAEF3 /* AppDelegate.swift */; };
		33C337DD1F96BFD3001AAEF3 /* HomeViewController.swift in Sources */ = {isa = PBXBuildFile; fileRef = 33C337DC1F96BFD3001AAEF3 /* HomeViewController.swift */; };
		33C337E01F96BFD3001AAEF3 /* Main.storyboard in Resources */ = {isa = PBXBuildFile; fileRef = 33C337DE1F96BFD3001AAEF3 /* Main.storyboard */; };
		33C337E21F96BFD3001AAEF3 /* Assets.xcassets in Resources */ = {isa = PBXBuildFile; fileRef = 33C337E11F96BFD3001AAEF3 /* Assets.xcassets */; };
		33C337E51F96BFD3001AAEF3 /* LaunchScreen.storyboard in Resources */ = {isa = PBXBuildFile; fileRef = 33C337E31F96BFD3001AAEF3 /* LaunchScreen.storyboard */; };
		33C337F11F993D1A001AAEF3 /* GradientView.swift in Sources */ = {isa = PBXBuildFile; fileRef = 33C337F01F993D1A001AAEF3 /* GradientView.swift */; };
		33C338111F99470F001AAEF3 /* RoundImageView.swift in Sources */ = {isa = PBXBuildFile; fileRef = 33C338101F99470F001AAEF3 /* RoundImageView.swift */; };
		33C338131F994843001AAEF3 /* RoundedShadowView.swift in Sources */ = {isa = PBXBuildFile; fileRef = 33C338121F994843001AAEF3 /* RoundedShadowView.swift */; };
		33C338151F994947001AAEF3 /* CircleView.swift in Sources */ = {isa = PBXBuildFile; fileRef = 33C338141F994947001AAEF3 /* CircleView.swift */; };
		33C338171F994B77001AAEF3 /* RoundedShadowButton.swift in Sources */ = {isa = PBXBuildFile; fileRef = 33C338161F994B77001AAEF3 /* RoundedShadowButton.swift */; };
		33C338191F9AB901001AAEF3 /* LeftSidePanelViewController.swift in Sources */ = {isa = PBXBuildFile; fileRef = 33C338181F9AB901001AAEF3 /* LeftSidePanelViewController.swift */; };
		33C3381B1F9AB98E001AAEF3 /* ContainerViewController.swift in Sources */ = {isa = PBXBuildFile; fileRef = 33C3381A1F9AB98E001AAEF3 /* ContainerViewController.swift */; };
		33C3381E1F9EB1E2001AAEF3 /* CenterVCDelegate.swift in Sources */ = {isa = PBXBuildFile; fileRef = 33C3381D1F9EB1E2001AAEF3 /* CenterVCDelegate.swift */; };
		33C338211FA000C7001AAEF3 /* UIViewExt.swift in Sources */ = {isa = PBXBuildFile; fileRef = 33C338201FA000C7001AAEF3 /* UIViewExt.swift */; };
		33C338231FA00EF8001AAEF3 /* LoginViewController.swift in Sources */ = {isa = PBXBuildFile; fileRef = 33C338221FA00EF8001AAEF3 /* LoginViewController.swift */; };
		33C338251FA133FE001AAEF3 /* RoundedCornerTextField.swift in Sources */ = {isa = PBXBuildFile; fileRef = 33C338241FA133FE001AAEF3 /* RoundedCornerTextField.swift */; };
		65C2960E772AFF2761401069 /* Pods_htchhkr_development.framework in Frameworks */ = {isa = PBXBuildFile; fileRef = 247845E382DD1AB41F9C0747 /* Pods_htchhkr_development.framework */; };
/* End PBXBuildFile section */

/* Begin PBXFileReference section */
		247845E382DD1AB41F9C0747 /* Pods_htchhkr_development.framework */ = {isa = PBXFileReference; explicitFileType = wrapper.framework; includeInIndex = 0; path = Pods_htchhkr_development.framework; sourceTree = BUILT_PRODUCTS_DIR; };
		3394FFE91FA91DFC008D0119 /* GoogleService-Info.plist */ = {isa = PBXFileReference; lastKnownFileType = text.plist.xml; path = "GoogleService-Info.plist"; sourceTree = "<group>"; };
		3394FFEB1FA9241E008D0119 /* DataService.swift */ = {isa = PBXFileReference; lastKnownFileType = sourcecode.swift; path = DataService.swift; sourceTree = "<group>"; };
		33C337D71F96BFD3001AAEF3 /* htchhkr-development.app */ = {isa = PBXFileReference; explicitFileType = wrapper.application; includeInIndex = 0; path = "htchhkr-development.app"; sourceTree = BUILT_PRODUCTS_DIR; };
		33C337DA1F96BFD3001AAEF3 /* AppDelegate.swift */ = {isa = PBXFileReference; lastKnownFileType = sourcecode.swift; path = AppDelegate.swift; sourceTree = "<group>"; };
		33C337DC1F96BFD3001AAEF3 /* HomeViewController.swift */ = {isa = PBXFileReference; lastKnownFileType = sourcecode.swift; path = HomeViewController.swift; sourceTree = "<group>"; };
		33C337DF1F96BFD3001AAEF3 /* Base */ = {isa = PBXFileReference; lastKnownFileType = file.storyboard; name = Base; path = Base.lproj/Main.storyboard; sourceTree = "<group>"; };
		33C337E11F96BFD3001AAEF3 /* Assets.xcassets */ = {isa = PBXFileReference; lastKnownFileType = folder.assetcatalog; path = Assets.xcassets; sourceTree = "<group>"; };
		33C337E41F96BFD3001AAEF3 /* Base */ = {isa = PBXFileReference; lastKnownFileType = file.storyboard; name = Base; path = Base.lproj/LaunchScreen.storyboard; sourceTree = "<group>"; };
		33C337E61F96BFD3001AAEF3 /* Info.plist */ = {isa = PBXFileReference; lastKnownFileType = text.plist.xml; path = Info.plist; sourceTree = "<group>"; };
		33C337F01F993D1A001AAEF3 /* GradientView.swift */ = {isa = PBXFileReference; lastKnownFileType = sourcecode.swift; path = GradientView.swift; sourceTree = "<group>"; };
		33C338101F99470F001AAEF3 /* RoundImageView.swift */ = {isa = PBXFileReference; lastKnownFileType = sourcecode.swift; path = RoundImageView.swift; sourceTree = "<group>"; };
		33C338121F994843001AAEF3 /* RoundedShadowView.swift */ = {isa = PBXFileReference; lastKnownFileType = sourcecode.swift; path = RoundedShadowView.swift; sourceTree = "<group>"; };
		33C338141F994947001AAEF3 /* CircleView.swift */ = {isa = PBXFileReference; lastKnownFileType = sourcecode.swift; path = CircleView.swift; sourceTree = "<group>"; };
		33C338161F994B77001AAEF3 /* RoundedShadowButton.swift */ = {isa = PBXFileReference; lastKnownFileType = sourcecode.swift; path = RoundedShadowButton.swift; sourceTree = "<group>"; };
		33C338181F9AB901001AAEF3 /* LeftSidePanelViewController.swift */ = {isa = PBXFileReference; lastKnownFileType = sourcecode.swift; path = LeftSidePanelViewController.swift; sourceTree = "<group>"; };
		33C3381A1F9AB98E001AAEF3 /* ContainerViewController.swift */ = {isa = PBXFileReference; lastKnownFileType = sourcecode.swift; path = ContainerViewController.swift; sourceTree = "<group>"; };
		33C3381D1F9EB1E2001AAEF3 /* CenterVCDelegate.swift */ = {isa = PBXFileReference; lastKnownFileType = sourcecode.swift; path = CenterVCDelegate.swift; sourceTree = "<group>"; };
		33C338201FA000C7001AAEF3 /* UIViewExt.swift */ = {isa = PBXFileReference; lastKnownFileType = sourcecode.swift; path = UIViewExt.swift; sourceTree = "<group>"; };
		33C338221FA00EF8001AAEF3 /* LoginViewController.swift */ = {isa = PBXFileReference; lastKnownFileType = sourcecode.swift; path = LoginViewController.swift; sourceTree = "<group>"; };
		33C338241FA133FE001AAEF3 /* RoundedCornerTextField.swift */ = {isa = PBXFileReference; lastKnownFileType = sourcecode.swift; path = RoundedCornerTextField.swift; sourceTree = "<group>"; };
		4036E06E8386685EC1B4C7C4 /* Pods-htchhkr-development.debug.xcconfig */ = {isa = PBXFileReference; includeInIndex = 1; lastKnownFileType = text.xcconfig; name = "Pods-htchhkr-development.debug.xcconfig"; path = "Pods/Target Support Files/Pods-htchhkr-development/Pods-htchhkr-development.debug.xcconfig"; sourceTree = "<group>"; };
		ABF015F60E63B97346CDB4C6 /* Pods-htchhkr-development.release.xcconfig */ = {isa = PBXFileReference; includeInIndex = 1; lastKnownFileType = text.xcconfig; name = "Pods-htchhkr-development.release.xcconfig"; path = "Pods/Target Support Files/Pods-htchhkr-development/Pods-htchhkr-development.release.xcconfig"; sourceTree = "<group>"; };
/* End PBXFileReference section */

/* Begin PBXFrameworksBuildPhase section */
		33C337D41F96BFD3001AAEF3 /* Frameworks */ = {
			isa = PBXFrameworksBuildPhase;
			buildActionMask = 2147483647;
			files = (
				65C2960E772AFF2761401069 /* Pods_htchhkr_development.framework in Frameworks */,
			);
			runOnlyForDeploymentPostprocessing = 0;
		};
/* End PBXFrameworksBuildPhase section */

/* Begin PBXGroup section */
		3394FFEA1FA923F7008D0119 /* Services */ = {
			isa = PBXGroup;
			children = (
				3394FFEB1FA9241E008D0119 /* DataService.swift */,
			);
			path = Services;
			sourceTree = "<group>";
		};
		33C337CE1F96BFD3001AAEF3 = {
			isa = PBXGroup;
			children = (
				33C337D91F96BFD3001AAEF3 /* htchhkr-development */,
				33C337D81F96BFD3001AAEF3 /* Products */,
				BC1B5D5259A6D2BC2BA70259 /* Pods */,
				D0156D3FADD1B503548DA30E /* Frameworks */,
			);
			sourceTree = "<group>";
		};
		33C337D81F96BFD3001AAEF3 /* Products */ = {
			isa = PBXGroup;
			children = (
				33C337D71F96BFD3001AAEF3 /* htchhkr-development.app */,
			);
			name = Products;
			sourceTree = "<group>";
		};
		33C337D91F96BFD3001AAEF3 /* htchhkr-development */ = {
			isa = PBXGroup;
			children = (
				3394FFEA1FA923F7008D0119 /* Services */,
				33C3381F1FA000A5001AAEF3 /* Extensions */,
				33C3381C1F9EB1B0001AAEF3 /* Protocols */,
				33C337EF1F993CE4001AAEF3 /* Controller */,
				33C337EE1F993CDF001AAEF3 /* View */,
				33C337ED1F993CD8001AAEF3 /* Model */,
				33C337DA1F96BFD3001AAEF3 /* AppDelegate.swift */,
				33C337DE1F96BFD3001AAEF3 /* Main.storyboard */,
				33C337E11F96BFD3001AAEF3 /* Assets.xcassets */,
				33C337E31F96BFD3001AAEF3 /* LaunchScreen.storyboard */,
				3394FFE91FA91DFC008D0119 /* GoogleService-Info.plist */,
				33C337E61F96BFD3001AAEF3 /* Info.plist */,
			);
			path = "htchhkr-development";
			sourceTree = "<group>";
		};
		33C337ED1F993CD8001AAEF3 /* Model */ = {
			isa = PBXGroup;
			children = (
			);
			path = Model;
			sourceTree = "<group>";
		};
		33C337EE1F993CDF001AAEF3 /* View */ = {
			isa = PBXGroup;
			children = (
				33C337F01F993D1A001AAEF3 /* GradientView.swift */,
				33C338101F99470F001AAEF3 /* RoundImageView.swift */,
				33C338121F994843001AAEF3 /* RoundedShadowView.swift */,
				33C338141F994947001AAEF3 /* CircleView.swift */,
				33C338161F994B77001AAEF3 /* RoundedShadowButton.swift */,
				33C338241FA133FE001AAEF3 /* RoundedCornerTextField.swift */,
			);
			path = View;
			sourceTree = "<group>";
		};
		33C337EF1F993CE4001AAEF3 /* Controller */ = {
			isa = PBXGroup;
			children = (
				33C337DC1F96BFD3001AAEF3 /* HomeViewController.swift */,
				33C338181F9AB901001AAEF3 /* LeftSidePanelViewController.swift */,
				33C3381A1F9AB98E001AAEF3 /* ContainerViewController.swift */,
				33C338221FA00EF8001AAEF3 /* LoginViewController.swift */,
			);
			path = Controller;
			sourceTree = "<group>";
		};
		33C3381C1F9EB1B0001AAEF3 /* Protocols */ = {
			isa = PBXGroup;
			children = (
				33C3381D1F9EB1E2001AAEF3 /* CenterVCDelegate.swift */,
			);
			path = Protocols;
			sourceTree = "<group>";
		};
		33C3381F1FA000A5001AAEF3 /* Extensions */ = {
			isa = PBXGroup;
			children = (
				33C338201FA000C7001AAEF3 /* UIViewExt.swift */,
			);
			path = Extensions;
			sourceTree = "<group>";
		};
		BC1B5D5259A6D2BC2BA70259 /* Pods */ = {
			isa = PBXGroup;
			children = (
				4036E06E8386685EC1B4C7C4 /* Pods-htchhkr-development.debug.xcconfig */,
				ABF015F60E63B97346CDB4C6 /* Pods-htchhkr-development.release.xcconfig */,
			);
			name = Pods;
			sourceTree = "<group>";
		};
		D0156D3FADD1B503548DA30E /* Frameworks */ = {
			isa = PBXGroup;
			children = (
				247845E382DD1AB41F9C0747 /* Pods_htchhkr_development.framework */,
			);
			name = Frameworks;
			sourceTree = "<group>";
		};
/* End PBXGroup section */

/* Begin PBXNativeTarget section */
		33C337D61F96BFD3001AAEF3 /* htchhkr-development */ = {
			isa = PBXNativeTarget;
			buildConfigurationList = 33C337E91F96BFD3001AAEF3 /* Build configuration list for PBXNativeTarget "htchhkr-development" */;
			buildPhases = (
				B76234EEC8FCD657F50F78AA /* [CP] Check Pods Manifest.lock */,
				33C337D31F96BFD3001AAEF3 /* Sources */,
				33C337D41F96BFD3001AAEF3 /* Frameworks */,
				33C337D51F96BFD3001AAEF3 /* Resources */,
				B8C7650F4A1ACBE84AD24931 /* [CP] Embed Pods Frameworks */,
				8BE0913CA8352AA1E1A98B15 /* [CP] Copy Pods Resources */,
			);
			buildRules = (
			);
			dependencies = (
			);
			name = "htchhkr-development";
			productName = "htchhkr-development";
			productReference = 33C337D71F96BFD3001AAEF3 /* htchhkr-development.app */;
			productType = "com.apple.product-type.application";
		};
/* End PBXNativeTarget section */

/* Begin PBXProject section */
		33C337CF1F96BFD3001AAEF3 /* Project object */ = {
			isa = PBXProject;
			attributes = {
				LastSwiftUpdateCheck = 0900;
				LastUpgradeCheck = 0900;
				ORGANIZATIONNAME = "gina iliff";
				TargetAttributes = {
					33C337D61F96BFD3001AAEF3 = {
						CreatedOnToolsVersion = 9.0;
					};
				};
			};
			buildConfigurationList = 33C337D21F96BFD3001AAEF3 /* Build configuration list for PBXProject "htchhkr-development" */;
			compatibilityVersion = "Xcode 8.0";
			developmentRegion = en;
			hasScannedForEncodings = 0;
			knownRegions = (
				en,
				Base,
			);
			mainGroup = 33C337CE1F96BFD3001AAEF3;
			productRefGroup = 33C337D81F96BFD3001AAEF3 /* Products */;
			projectDirPath = "";
			projectRoot = "";
			targets = (
				33C337D61F96BFD3001AAEF3 /* htchhkr-development */,
			);
		};
/* End PBXProject section */

/* Begin PBXResourcesBuildPhase section */
		33C337D51F96BFD3001AAEF3 /* Resources */ = {
			isa = PBXResourcesBuildPhase;
			buildActionMask = 2147483647;
			files = (
				33C337E51F96BFD3001AAEF3 /* LaunchScreen.storyboard in Resources */,
				33C337E21F96BFD3001AAEF3 /* Assets.xcassets in Resources */,
				33C337E01F96BFD3001AAEF3 /* Main.storyboard in Resources */,
			);
			runOnlyForDeploymentPostprocessing = 0;
		};
/* End PBXResourcesBuildPhase section */

/* Begin PBXShellScriptBuildPhase section */
		8BE0913CA8352AA1E1A98B15 /* [CP] Copy Pods Resources */ = {
			isa = PBXShellScriptBuildPhase;
			buildActionMask = 2147483647;
			files = (
			);
			inputPaths = (
			);
			name = "[CP] Copy Pods Resources";
			outputPaths = (
			);
			runOnlyForDeploymentPostprocessing = 0;
			shellPath = /bin/sh;
			shellScript = "\"${SRCROOT}/Pods/Target Support Files/Pods-htchhkr-development/Pods-htchhkr-development-resources.sh\"\n";
			showEnvVarsInLog = 0;
		};
		B76234EEC8FCD657F50F78AA /* [CP] Check Pods Manifest.lock */ = {
			isa = PBXShellScriptBuildPhase;
			buildActionMask = 2147483647;
			files = (
			);
			inputPaths = (
			);
			name = "[CP] Check Pods Manifest.lock";
			outputPaths = (
			);
			runOnlyForDeploymentPostprocessing = 0;
			shellPath = /bin/sh;
			shellScript = "diff \"${PODS_ROOT}/../Podfile.lock\" \"${PODS_ROOT}/Manifest.lock\" > /dev/null\nif [ $? != 0 ] ; then\n    # print error to STDERR\n    echo \"error: The sandbox is not in sync with the Podfile.lock. Run 'pod install' or update your CocoaPods installation.\" >&2\n    exit 1\nfi\n";
			showEnvVarsInLog = 0;
		};
		B8C7650F4A1ACBE84AD24931 /* [CP] Embed Pods Frameworks */ = {
			isa = PBXShellScriptBuildPhase;
			buildActionMask = 2147483647;
			files = (
			);
			inputPaths = (
			);
			name = "[CP] Embed Pods Frameworks";
			outputPaths = (
			);
			runOnlyForDeploymentPostprocessing = 0;
			shellPath = /bin/sh;
			shellScript = "\"${SRCROOT}/Pods/Target Support Files/Pods-htchhkr-development/Pods-htchhkr-development-frameworks.sh\"\n";
			showEnvVarsInLog = 0;
		};
/* End PBXShellScriptBuildPhase section */

/* Begin PBXSourcesBuildPhase section */
		33C337D31F96BFD3001AAEF3 /* Sources */ = {
			isa = PBXSourcesBuildPhase;
			buildActionMask = 2147483647;
			files = (
				33C338231FA00EF8001AAEF3 /* LoginViewController.swift in Sources */,
				3394FFEC1FA9241E008D0119 /* DataService.swift in Sources */,
				33C3381E1F9EB1E2001AAEF3 /* CenterVCDelegate.swift in Sources */,
				33C338171F994B77001AAEF3 /* RoundedShadowButton.swift in Sources */,
				33C338191F9AB901001AAEF3 /* LeftSidePanelViewController.swift in Sources */,
				33C338151F994947001AAEF3 /* CircleView.swift in Sources */,
				33C337DD1F96BFD3001AAEF3 /* HomeViewController.swift in Sources */,
				33C338211FA000C7001AAEF3 /* UIViewExt.swift in Sources */,
				33C338111F99470F001AAEF3 /* RoundImageView.swift in Sources */,
				33C338131F994843001AAEF3 /* RoundedShadowView.swift in Sources */,
				33C337DB1F96BFD3001AAEF3 /* AppDelegate.swift in Sources */,
				33C338251FA133FE001AAEF3 /* RoundedCornerTextField.swift in Sources */,
				33C3381B1F9AB98E001AAEF3 /* ContainerViewController.swift in Sources */,
				33C337F11F993D1A001AAEF3 /* GradientView.swift in Sources */,
			);
			runOnlyForDeploymentPostprocessing = 0;
		};
/* End PBXSourcesBuildPhase section */

/* Begin PBXVariantGroup section */
		33C337DE1F96BFD3001AAEF3 /* Main.storyboard */ = {
			isa = PBXVariantGroup;
			children = (
				33C337DF1F96BFD3001AAEF3 /* Base */,
			);
			name = Main.storyboard;
			sourceTree = "<group>";
		};
		33C337E31F96BFD3001AAEF3 /* LaunchScreen.storyboard */ = {
			isa = PBXVariantGroup;
			children = (
				33C337E41F96BFD3001AAEF3 /* Base */,
			);
			name = LaunchScreen.storyboard;
			sourceTree = "<group>";
		};
/* End PBXVariantGroup section */

/* Begin XCBuildConfiguration section */
		33C337E71F96BFD3001AAEF3 /* Debug */ = {
			isa = XCBuildConfiguration;
			buildSettings = {
				ALWAYS_SEARCH_USER_PATHS = NO;
				CLANG_ANALYZER_NONNULL = YES;
				CLANG_ANALYZER_NUMBER_OBJECT_CONVERSION = YES_AGGRESSIVE;
				CLANG_CXX_LANGUAGE_STANDARD = "gnu++14";
				CLANG_CXX_LIBRARY = "libc++";
				CLANG_ENABLE_MODULES = YES;
				CLANG_ENABLE_OBJC_ARC = YES;
				CLANG_WARN_BLOCK_CAPTURE_AUTORELEASING = YES;
				CLANG_WARN_BOOL_CONVERSION = YES;
				CLANG_WARN_COMMA = YES;
				CLANG_WARN_CONSTANT_CONVERSION = YES;
				CLANG_WARN_DIRECT_OBJC_ISA_USAGE = YES_ERROR;
				CLANG_WARN_DOCUMENTATION_COMMENTS = YES;
				CLANG_WARN_EMPTY_BODY = YES;
				CLANG_WARN_ENUM_CONVERSION = YES;
				CLANG_WARN_INFINITE_RECURSION = YES;
				CLANG_WARN_INT_CONVERSION = YES;
				CLANG_WARN_NON_LITERAL_NULL_CONVERSION = YES;
				CLANG_WARN_OBJC_LITERAL_CONVERSION = YES;
				CLANG_WARN_OBJC_ROOT_CLASS = YES_ERROR;
				CLANG_WARN_RANGE_LOOP_ANALYSIS = YES;
				CLANG_WARN_STRICT_PROTOTYPES = YES;
				CLANG_WARN_SUSPICIOUS_MOVE = YES;
				CLANG_WARN_UNGUARDED_AVAILABILITY = YES_AGGRESSIVE;
				CLANG_WARN_UNREACHABLE_CODE = YES;
				CLANG_WARN__DUPLICATE_METHOD_MATCH = YES;
				CODE_SIGN_IDENTITY = "iPhone Developer";
				COPY_PHASE_STRIP = NO;
				DEBUG_INFORMATION_FORMAT = dwarf;
				ENABLE_STRICT_OBJC_MSGSEND = YES;
				ENABLE_TESTABILITY = YES;
				GCC_C_LANGUAGE_STANDARD = gnu11;
				GCC_DYNAMIC_NO_PIC = NO;
				GCC_NO_COMMON_BLOCKS = YES;
				GCC_OPTIMIZATION_LEVEL = 0;
				GCC_PREPROCESSOR_DEFINITIONS = (
					"DEBUG=1",
					"$(inherited)",
				);
				GCC_WARN_64_TO_32_BIT_CONVERSION = YES;
				GCC_WARN_ABOUT_RETURN_TYPE = YES_ERROR;
				GCC_WARN_UNDECLARED_SELECTOR = YES;
				GCC_WARN_UNINITIALIZED_AUTOS = YES_AGGRESSIVE;
				GCC_WARN_UNUSED_FUNCTION = YES;
				GCC_WARN_UNUSED_VARIABLE = YES;
				IPHONEOS_DEPLOYMENT_TARGET = 11.0;
				MTL_ENABLE_DEBUG_INFO = YES;
				ONLY_ACTIVE_ARCH = YES;
				SDKROOT = iphoneos;
				SWIFT_ACTIVE_COMPILATION_CONDITIONS = DEBUG;
				SWIFT_OPTIMIZATION_LEVEL = "-Onone";
			};
			name = Debug;
		};
		33C337E81F96BFD3001AAEF3 /* Release */ = {
			isa = XCBuildConfiguration;
			buildSettings = {
				ALWAYS_SEARCH_USER_PATHS = NO;
				CLANG_ANALYZER_NONNULL = YES;
				CLANG_ANALYZER_NUMBER_OBJECT_CONVERSION = YES_AGGRESSIVE;
				CLANG_CXX_LANGUAGE_STANDARD = "gnu++14";
				CLANG_CXX_LIBRARY = "libc++";
				CLANG_ENABLE_MODULES = YES;
				CLANG_ENABLE_OBJC_ARC = YES;
				CLANG_WARN_BLOCK_CAPTURE_AUTORELEASING = YES;
				CLANG_WARN_BOOL_CONVERSION = YES;
				CLANG_WARN_COMMA = YES;
				CLANG_WARN_CONSTANT_CONVERSION = YES;
				CLANG_WARN_DIRECT_OBJC_ISA_USAGE = YES_ERROR;
				CLANG_WARN_DOCUMENTATION_COMMENTS = YES;
				CLANG_WARN_EMPTY_BODY = YES;
				CLANG_WARN_ENUM_CONVERSION = YES;
				CLANG_WARN_INFINITE_RECURSION = YES;
				CLANG_WARN_INT_CONVERSION = YES;
				CLANG_WARN_NON_LITERAL_NULL_CONVERSION = YES;
				CLANG_WARN_OBJC_LITERAL_CONVERSION = YES;
				CLANG_WARN_OBJC_ROOT_CLASS = YES_ERROR;
				CLANG_WARN_RANGE_LOOP_ANALYSIS = YES;
				CLANG_WARN_STRICT_PROTOTYPES = YES;
				CLANG_WARN_SUSPICIOUS_MOVE = YES;
				CLANG_WARN_UNGUARDED_AVAILABILITY = YES_AGGRESSIVE;
				CLANG_WARN_UNREACHABLE_CODE = YES;
				CLANG_WARN__DUPLICATE_METHOD_MATCH = YES;
				CODE_SIGN_IDENTITY = "iPhone Developer";
				COPY_PHASE_STRIP = NO;
				DEBUG_INFORMATION_FORMAT = "dwarf-with-dsym";
				ENABLE_NS_ASSERTIONS = NO;
				ENABLE_STRICT_OBJC_MSGSEND = YES;
				GCC_C_LANGUAGE_STANDARD = gnu11;
				GCC_NO_COMMON_BLOCKS = YES;
				GCC_WARN_64_TO_32_BIT_CONVERSION = YES;
				GCC_WARN_ABOUT_RETURN_TYPE = YES_ERROR;
				GCC_WARN_UNDECLARED_SELECTOR = YES;
				GCC_WARN_UNINITIALIZED_AUTOS = YES_AGGRESSIVE;
				GCC_WARN_UNUSED_FUNCTION = YES;
				GCC_WARN_UNUSED_VARIABLE = YES;
				IPHONEOS_DEPLOYMENT_TARGET = 11.0;
				MTL_ENABLE_DEBUG_INFO = NO;
				SDKROOT = iphoneos;
				SWIFT_OPTIMIZATION_LEVEL = "-Owholemodule";
				VALIDATE_PRODUCT = YES;
			};
			name = Release;
		};
		33C337EA1F96BFD3001AAEF3 /* Debug */ = {
			isa = XCBuildConfiguration;
			baseConfigurationReference = 4036E06E8386685EC1B4C7C4 /* Pods-htchhkr-development.debug.xcconfig */;
			buildSettings = {
				ASSETCATALOG_COMPILER_APPICON_NAME = AppIcon;
				DEVELOPMENT_TEAM = CL59C3LYC3;
				INFOPLIST_FILE = "htchhkr-development/Info.plist";
				LD_RUNPATH_SEARCH_PATHS = "$(inherited) @executable_path/Frameworks";
				PRODUCT_BUNDLE_IDENTIFIER = "gina.iliff.htchhkr-development";
				PRODUCT_NAME = "$(TARGET_NAME)";
				SWIFT_VERSION = 4.0;
				TARGETED_DEVICE_FAMILY = "1,2";
			};
			name = Debug;
		};
		33C337EB1F96BFD3001AAEF3 /* Release */ = {
			isa = XCBuildConfiguration;
			baseConfigurationReference = ABF015F60E63B97346CDB4C6 /* Pods-htchhkr-development.release.xcconfig */;
			buildSettings = {
				ASSETCATALOG_COMPILER_APPICON_NAME = AppIcon;
				DEVELOPMENT_TEAM = CL59C3LYC3;
				INFOPLIST_FILE = "htchhkr-development/Info.plist";
				LD_RUNPATH_SEARCH_PATHS = "$(inherited) @executable_path/Frameworks";
				PRODUCT_BUNDLE_IDENTIFIER = "gina.iliff.htchhkr-development";
				PRODUCT_NAME = "$(TARGET_NAME)";
				SWIFT_VERSION = 4.0;
				TARGETED_DEVICE_FAMILY = "1,2";
			};
			name = Release;
		};
/* End XCBuildConfiguration section */

/* Begin XCConfigurationList section */
		33C337D21F96BFD3001AAEF3 /* Build configuration list for PBXProject "htchhkr-development" */ = {
			isa = XCConfigurationList;
			buildConfigurations = (
				33C337E71F96BFD3001AAEF3 /* Debug */,
				33C337E81F96BFD3001AAEF3 /* Release */,
			);
			defaultConfigurationIsVisible = 0;
			defaultConfigurationName = Release;
		};
		33C337E91F96BFD3001AAEF3 /* Build configuration list for PBXNativeTarget "htchhkr-development" */ = {
			isa = XCConfigurationList;
			buildConfigurations = (
				33C337EA1F96BFD3001AAEF3 /* Debug */,
				33C337EB1F96BFD3001AAEF3 /* Release */,
			);
			defaultConfigurationIsVisible = 0;
			defaultConfigurationName = Release;
		};
/* End XCConfigurationList section */
	};
	rootObject = 33C337CF1F96BFD3001AAEF3 /* Project object */;
}
